// !$*UTF8*$!
{
	archiveVersion = 1;
	classes = {
	};
	objectVersion = 50;
	objects = {

/* Begin PBXBuildFile section */
		70E5C6A82153D7EB00FF82F2 /* AppDelegate.swift in Sources */ = {isa = PBXBuildFile; fileRef = 70E5C6A72153D7EB00FF82F2 /* AppDelegate.swift */; };
		70E5C6AA2153D7EB00FF82F2 /* ViewController.swift in Sources */ = {isa = PBXBuildFile; fileRef = 70E5C6A92153D7EB00FF82F2 /* ViewController.swift */; };
		70E5C6AD2153D7EB00FF82F2 /* Main.storyboard in Resources */ = {isa = PBXBuildFile; fileRef = 70E5C6AB2153D7EB00FF82F2 /* Main.storyboard */; };
		70E5C6AF2153D7EC00FF82F2 /* Assets.xcassets in Resources */ = {isa = PBXBuildFile; fileRef = 70E5C6AE2153D7EC00FF82F2 /* Assets.xcassets */; };
		70E5C6B22153D7EC00FF82F2 /* LaunchScreen.storyboard in Resources */ = {isa = PBXBuildFile; fileRef = 70E5C6B02153D7EC00FF82F2 /* LaunchScreen.storyboard */; };
		70E5C6BD2153D7EC00FF82F2 /* KataLoginLogutTests.swift in Sources */ = {isa = PBXBuildFile; fileRef = 70E5C6BC2153D7EC00FF82F2 /* KataLoginLogutTests.swift */; };
/* End PBXBuildFile section */

/* Begin PBXContainerItemProxy section */
		70E5C6B92153D7EC00FF82F2 /* PBXContainerItemProxy */ = {
			isa = PBXContainerItemProxy;
			containerPortal = 70E5C69C2153D7EB00FF82F2 /* Project object */;
			proxyType = 1;
			remoteGlobalIDString = 70E5C6A32153D7EB00FF82F2;
			remoteInfo = KataLoginLogut;
		};
/* End PBXContainerItemProxy section */

/* Begin PBXFileReference section */
		70E5C6A42153D7EB00FF82F2 /* KataLoginLogut.app */ = {isa = PBXFileReference; explicitFileType = wrapper.application; includeInIndex = 0; path = KataLoginLogut.app; sourceTree = BUILT_PRODUCTS_DIR; };
		70E5C6A72153D7EB00FF82F2 /* AppDelegate.swift */ = {isa = PBXFileReference; lastKnownFileType = sourcecode.swift; path = AppDelegate.swift; sourceTree = "<group>"; };
		70E5C6A92153D7EB00FF82F2 /* ViewController.swift */ = {isa = PBXFileReference; lastKnownFileType = sourcecode.swift; path = ViewController.swift; sourceTree = "<group>"; };
		70E5C6AC2153D7EB00FF82F2 /* Base */ = {isa = PBXFileReference; lastKnownFileType = file.storyboard; name = Base; path = Base.lproj/Main.storyboard; sourceTree = "<group>"; };
		70E5C6AE2153D7EC00FF82F2 /* Assets.xcassets */ = {isa = PBXFileReference; lastKnownFileType = folder.assetcatalog; path = Assets.xcassets; sourceTree = "<group>"; };
		70E5C6B12153D7EC00FF82F2 /* Base */ = {isa = PBXFileReference; lastKnownFileType = file.storyboard; name = Base; path = Base.lproj/LaunchScreen.storyboard; sourceTree = "<group>"; };
		70E5C6B32153D7EC00FF82F2 /* Info.plist */ = {isa = PBXFileReference; lastKnownFileType = text.plist.xml; path = Info.plist; sourceTree = "<group>"; };
		70E5C6B82153D7EC00FF82F2 /* KataLoginLogutTests.xctest */ = {isa = PBXFileReference; explicitFileType = wrapper.cfbundle; includeInIndex = 0; path = KataLoginLogutTests.xctest; sourceTree = BUILT_PRODUCTS_DIR; };
		70E5C6BC2153D7EC00FF82F2 /* KataLoginLogutTests.swift */ = {isa = PBXFileReference; lastKnownFileType = sourcecode.swift; path = KataLoginLogutTests.swift; sourceTree = "<group>"; };
		70E5C6BE2153D7EC00FF82F2 /* Info.plist */ = {isa = PBXFileReference; lastKnownFileType = text.plist.xml; path = Info.plist; sourceTree = "<group>"; };
/* End PBXFileReference section */

/* Begin PBXFrameworksBuildPhase section */
		70E5C6A12153D7EB00FF82F2 /* Frameworks */ = {
			isa = PBXFrameworksBuildPhase;
			buildActionMask = 2147483647;
			files = (
			);
			runOnlyForDeploymentPostprocessing = 0;
		};
		70E5C6B52153D7EC00FF82F2 /* Frameworks */ = {
			isa = PBXFrameworksBuildPhase;
			buildActionMask = 2147483647;
			files = (
			);
			runOnlyForDeploymentPostprocessing = 0;
		};
/* End PBXFrameworksBuildPhase section */

/* Begin PBXGroup section */
		70E5C69B2153D7EB00FF82F2 = {
			isa = PBXGroup;
			children = (
				70E5C6A62153D7EB00FF82F2 /* KataLoginLogut */,
				70E5C6BB2153D7EC00FF82F2 /* KataLoginLogutTests */,
				70E5C6A52153D7EB00FF82F2 /* Products */,
			);
			sourceTree = "<group>";
		};
		70E5C6A52153D7EB00FF82F2 /* Products */ = {
			isa = PBXGroup;
			children = (
				70E5C6A42153D7EB00FF82F2 /* KataLoginLogut.app */,
				70E5C6B82153D7EC00FF82F2 /* KataLoginLogutTests.xctest */,
			);
			name = Products;
			sourceTree = "<group>";
		};
		70E5C6A62153D7EB00FF82F2 /* KataLoginLogut */ = {
			isa = PBXGroup;
			children = (
				70E5C6A72153D7EB00FF82F2 /* AppDelegate.swift */,
				70E5C6A92153D7EB00FF82F2 /* ViewController.swift */,
				70E5C6AB2153D7EB00FF82F2 /* Main.storyboard */,
				70E5C6AE2153D7EC00FF82F2 /* Assets.xcassets */,
				70E5C6B02153D7EC00FF82F2 /* LaunchScreen.storyboard */,
				70E5C6B32153D7EC00FF82F2 /* Info.plist */,
			);
			path = KataLoginLogut;
			sourceTree = "<group>";
		};
		70E5C6BB2153D7EC00FF82F2 /* KataLoginLogutTests */ = {
			isa = PBXGroup;
			children = (
				70E5C6BC2153D7EC00FF82F2 /* KataLoginLogutTests.swift */,
				70E5C6BE2153D7EC00FF82F2 /* Info.plist */,
			);
			path = KataLoginLogutTests;
			sourceTree = "<group>";
		};
/* End PBXGroup section */

/* Begin PBXNativeTarget section */
		70E5C6A32153D7EB00FF82F2 /* KataLoginLogut */ = {
			isa = PBXNativeTarget;
			buildConfigurationList = 70E5C6C12153D7EC00FF82F2 /* Build configuration list for PBXNativeTarget "KataLoginLogut" */;
			buildPhases = (
				70E5C6A02153D7EB00FF82F2 /* Sources */,
				70E5C6A12153D7EB00FF82F2 /* Frameworks */,
				70E5C6A22153D7EB00FF82F2 /* Resources */,
			);
			buildRules = (
			);
			dependencies = (
			);
			name = KataLoginLogut;
			productName = KataLoginLogut;
			productReference = 70E5C6A42153D7EB00FF82F2 /* KataLoginLogut.app */;
			productType = "com.apple.product-type.application";
		};
		70E5C6B72153D7EC00FF82F2 /* KataLoginLogutTests */ = {
			isa = PBXNativeTarget;
			buildConfigurationList = 70E5C6C42153D7EC00FF82F2 /* Build configuration list for PBXNativeTarget "KataLoginLogutTests" */;
			buildPhases = (
				70E5C6B42153D7EC00FF82F2 /* Sources */,
				70E5C6B52153D7EC00FF82F2 /* Frameworks */,
				70E5C6B62153D7EC00FF82F2 /* Resources */,
			);
			buildRules = (
			);
			dependencies = (
				70E5C6BA2153D7EC00FF82F2 /* PBXTargetDependency */,
			);
			name = KataLoginLogutTests;
			productName = KataLoginLogutTests;
			productReference = 70E5C6B82153D7EC00FF82F2 /* KataLoginLogutTests.xctest */;
			productType = "com.apple.product-type.bundle.unit-test";
		};
/* End PBXNativeTarget section */

/* Begin PBXProject section */
		70E5C69C2153D7EB00FF82F2 /* Project object */ = {
			isa = PBXProject;
			attributes = {
				LastSwiftUpdateCheck = 0940;
				LastUpgradeCheck = 0940;
				ORGANIZATIONNAME = JML;
				TargetAttributes = {
					70E5C6A32153D7EB00FF82F2 = {
						CreatedOnToolsVersion = 9.4.1;
					};
					70E5C6B72153D7EC00FF82F2 = {
						CreatedOnToolsVersion = 9.4.1;
						TestTargetID = 70E5C6A32153D7EB00FF82F2;
					};
				};
			};
			buildConfigurationList = 70E5C69F2153D7EB00FF82F2 /* Build configuration list for PBXProject "KataLoginLogut" */;
			compatibilityVersion = "Xcode 9.3";
			developmentRegion = en;
			hasScannedForEncodings = 0;
			knownRegions = (
				en,
				Base,
			);
			mainGroup = 70E5C69B2153D7EB00FF82F2;
			productRefGroup = 70E5C6A52153D7EB00FF82F2 /* Products */;
			projectDirPath = "";
			projectRoot = "";
			targets = (
				70E5C6A32153D7EB00FF82F2 /* KataLoginLogut */,
				70E5C6B72153D7EC00FF82F2 /* KataLoginLogutTests */,
			);
		};
/* End PBXProject section */

/* Begin PBXResourcesBuildPhase section */
		70E5C6A22153D7EB00FF82F2 /* Resources */ = {
			isa = PBXResourcesBuildPhase;
			buildActionMask = 2147483647;
			files = (
				70E5C6B22153D7EC00FF82F2 /* LaunchScreen.storyboard in Resources */,
				70E5C6AF2153D7EC00FF82F2 /* Assets.xcassets in Resources */,
				70E5C6AD2153D7EB00FF82F2 /* Main.storyboard in Resources */,
			);
			runOnlyForDeploymentPostprocessing = 0;
		};
		70E5C6B62153D7EC00FF82F2 /* Resources */ = {
			isa = PBXResourcesBuildPhase;
			buildActionMask = 2147483647;
			files = (
			);
			runOnlyForDeploymentPostprocessing = 0;
		};
/* End PBXResourcesBuildPhase section */

/* Begin PBXSourcesBuildPhase section */
		70E5C6A02153D7EB00FF82F2 /* Sources */ = {
			isa = PBXSourcesBuildPhase;
			buildActionMask = 2147483647;
			files = (
				70E5C6AA2153D7EB00FF82F2 /* ViewController.swift in Sources */,
				70E5C6A82153D7EB00FF82F2 /* AppDelegate.swift in Sources */,
			);
			runOnlyForDeploymentPostprocessing = 0;
		};
		70E5C6B42153D7EC00FF82F2 /* Sources */ = {
			isa = PBXSourcesBuildPhase;
			buildActionMask = 2147483647;
			files = (
				70E5C6BD2153D7EC00FF82F2 /* KataLoginLogutTests.swift in Sources */,
			);
			runOnlyForDeploymentPostprocessing = 0;
		};
/* End PBXSourcesBuildPhase section */

/* Begin PBXTargetDependency section */
		70E5C6BA2153D7EC00FF82F2 /* PBXTargetDependency */ = {
			isa = PBXTargetDependency;
			target = 70E5C6A32153D7EB00FF82F2 /* KataLoginLogut */;
			targetProxy = 70E5C6B92153D7EC00FF82F2 /* PBXContainerItemProxy */;
		};
/* End PBXTargetDependency section */

/* Begin PBXVariantGroup section */
		70E5C6AB2153D7EB00FF82F2 /* Main.storyboard */ = {
			isa = PBXVariantGroup;
			children = (
				70E5C6AC2153D7EB00FF82F2 /* Base */,
			);
			name = Main.storyboard;
			sourceTree = "<group>";
		};
		70E5C6B02153D7EC00FF82F2 /* LaunchScreen.storyboard */ = {
			isa = PBXVariantGroup;
			children = (
				70E5C6B12153D7EC00FF82F2 /* Base */,
			);
			name = LaunchScreen.storyboard;
			sourceTree = "<group>";
		};
/* End PBXVariantGroup section */

/* Begin XCBuildConfiguration section */
		70E5C6BF2153D7EC00FF82F2 /* Debug */ = {
			isa = XCBuildConfiguration;
			buildSettings = {
				ALWAYS_SEARCH_USER_PATHS = NO;
				CLANG_ANALYZER_NONNULL = YES;
				CLANG_ANALYZER_NUMBER_OBJECT_CONVERSION = YES_AGGRESSIVE;
				CLANG_CXX_LANGUAGE_STANDARD = "gnu++14";
				CLANG_CXX_LIBRARY = "libc++";
				CLANG_ENABLE_MODULES = YES;
				CLANG_ENABLE_OBJC_ARC = YES;
				CLANG_ENABLE_OBJC_WEAK = YES;
				CLANG_WARN_BLOCK_CAPTURE_AUTORELEASING = YES;
				CLANG_WARN_BOOL_CONVERSION = YES;
				CLANG_WARN_COMMA = YES;
				CLANG_WARN_CONSTANT_CONVERSION = YES;
				CLANG_WARN_DEPRECATED_OBJC_IMPLEMENTATIONS = YES;
				CLANG_WARN_DIRECT_OBJC_ISA_USAGE = YES_ERROR;
				CLANG_WARN_DOCUMENTATION_COMMENTS = YES;
				CLANG_WARN_EMPTY_BODY = YES;
				CLANG_WARN_ENUM_CONVERSION = YES;
				CLANG_WARN_INFINITE_RECURSION = YES;
				CLANG_WARN_INT_CONVERSION = YES;
				CLANG_WARN_NON_LITERAL_NULL_CONVERSION = YES;
				CLANG_WARN_OBJC_IMPLICIT_RETAIN_SELF = YES;
				CLANG_WARN_OBJC_LITERAL_CONVERSION = YES;
				CLANG_WARN_OBJC_ROOT_CLASS = YES_ERROR;
				CLANG_WARN_RANGE_LOOP_ANALYSIS = YES;
				CLANG_WARN_STRICT_PROTOTYPES = YES;
				CLANG_WARN_SUSPICIOUS_MOVE = YES;
				CLANG_WARN_UNGUARDED_AVAILABILITY = YES_AGGRESSIVE;
				CLANG_WARN_UNREACHABLE_CODE = YES;
				CLANG_WARN__DUPLICATE_METHOD_MATCH = YES;
				CODE_SIGN_IDENTITY = "iPhone Developer";
				COPY_PHASE_STRIP = NO;
				DEBUG_INFORMATION_FORMAT = dwarf;
				ENABLE_STRICT_OBJC_MSGSEND = YES;
				ENABLE_TESTABILITY = YES;
				GCC_C_LANGUAGE_STANDARD = gnu11;
				GCC_DYNAMIC_NO_PIC = NO;
				GCC_NO_COMMON_BLOCKS = YES;
				GCC_OPTIMIZATION_LEVEL = 0;
				GCC_PREPROCESSOR_DEFINITIONS = (
					"DEBUG=1",
					"$(inherited)",
				);
				GCC_WARN_64_TO_32_BIT_CONVERSION = YES;
				GCC_WARN_ABOUT_RETURN_TYPE = YES_ERROR;
				GCC_WARN_UNDECLARED_SELECTOR = YES;
				GCC_WARN_UNINITIALIZED_AUTOS = YES_AGGRESSIVE;
				GCC_WARN_UNUSED_FUNCTION = YES;
				GCC_WARN_UNUSED_VARIABLE = YES;
				IPHONEOS_DEPLOYMENT_TARGET = 11.4;
				MTL_ENABLE_DEBUG_INFO = YES;
				ONLY_ACTIVE_ARCH = YES;
				SDKROOT = iphoneos;
				SWIFT_ACTIVE_COMPILATION_CONDITIONS = DEBUG;
				SWIFT_OPTIMIZATION_LEVEL = "-Onone";
			};
			name = Debug;
		};
		70E5C6C02153D7EC00FF82F2 /* Release */ = {
			isa = XCBuildConfiguration;
			buildSettings = {
				ALWAYS_SEARCH_USER_PATHS = NO;
				CLANG_ANALYZER_NONNULL = YES;
				CLANG_ANALYZER_NUMBER_OBJECT_CONVERSION = YES_AGGRESSIVE;
				CLANG_CXX_LANGUAGE_STANDARD = "gnu++14";
				CLANG_CXX_LIBRARY = "libc++";
				CLANG_ENABLE_MODULES = YES;
				CLANG_ENABLE_OBJC_ARC = YES;
				CLANG_ENABLE_OBJC_WEAK = YES;
				CLANG_WARN_BLOCK_CAPTURE_AUTORELEASING = YES;
				CLANG_WARN_BOOL_CONVERSION = YES;
				CLANG_WARN_COMMA = YES;
				CLANG_WARN_CONSTANT_CONVERSION = YES;
				CLANG_WARN_DEPRECATED_OBJC_IMPLEMENTATIONS = YES;
				CLANG_WARN_DIRECT_OBJC_ISA_USAGE = YES_ERROR;
				CLANG_WARN_DOCUMENTATION_COMMENTS = YES;
				CLANG_WARN_EMPTY_BODY = YES;
				CLANG_WARN_ENUM_CONVERSION = YES;
				CLANG_WARN_INFINITE_RECURSION = YES;
				CLANG_WARN_INT_CONVERSION = YES;
				CLANG_WARN_NON_LITERAL_NULL_CONVERSION = YES;
				CLANG_WARN_OBJC_IMPLICIT_RETAIN_SELF = YES;
				CLANG_WARN_OBJC_LITERAL_CONVERSION = YES;
				CLANG_WARN_OBJC_ROOT_CLASS = YES_ERROR;
				CLANG_WARN_RANGE_LOOP_ANALYSIS = YES;
				CLANG_WARN_STRICT_PROTOTYPES = YES;
				CLANG_WARN_SUSPICIOUS_MOVE = YES;
				CLANG_WARN_UNGUARDED_AVAILABILITY = YES_AGGRESSIVE;
				CLANG_WARN_UNREACHABLE_CODE = YES;
				CLANG_WARN__DUPLICATE_METHOD_MATCH = YES;
				CODE_SIGN_IDENTITY = "iPhone Developer";
				COPY_PHASE_STRIP = NO;
				DEBUG_INFORMATION_FORMAT = "dwarf-with-dsym";
				ENABLE_NS_ASSERTIONS = NO;
				ENABLE_STRICT_OBJC_MSGSEND = YES;
				GCC_C_LANGUAGE_STANDARD = gnu11;
				GCC_NO_COMMON_BLOCKS = YES;
				GCC_WARN_64_TO_32_BIT_CONVERSION = YES;
				GCC_WARN_ABOUT_RETURN_TYPE = YES_ERROR;
				GCC_WARN_UNDECLARED_SELECTOR = YES;
				GCC_WARN_UNINITIALIZED_AUTOS = YES_AGGRESSIVE;
				GCC_WARN_UNUSED_FUNCTION = YES;
				GCC_WARN_UNUSED_VARIABLE = YES;
				IPHONEOS_DEPLOYMENT_TARGET = 11.4;
				MTL_ENABLE_DEBUG_INFO = NO;
				SDKROOT = iphoneos;
				SWIFT_COMPILATION_MODE = wholemodule;
				SWIFT_OPTIMIZATION_LEVEL = "-O";
				VALIDATE_PRODUCT = YES;
			};
			name = Release;
		};
		70E5C6C22153D7EC00FF82F2 /* Debug */ = {
			isa = XCBuildConfiguration;
			buildSettings = {
				ASSETCATALOG_COMPILER_APPICON_NAME = AppIcon;
				CODE_SIGN_STYLE = Automatic;
				DEVELOPMENT_TEAM = 76T7L4244D;
				INFOPLIST_FILE = KataLoginLogut/Info.plist;
				LD_RUNPATH_SEARCH_PATHS = (
					"$(inherited)",
					"@executable_path/Frameworks",
				);
				PRODUCT_BUNDLE_IDENTIFIER = com.jml.KataLoginLogut;
				PRODUCT_NAME = "$(TARGET_NAME)";
				SWIFT_VERSION = 4.0;
				TARGETED_DEVICE_FAMILY = "1,2";
			};
			name = Debug;
		};
		70E5C6C32153D7EC00FF82F2 /* Release */ = {
			isa = XCBuildConfiguration;
			buildSettings = {
				ASSETCATALOG_COMPILER_APPICON_NAME = AppIcon;
				CODE_SIGN_STYLE = Automatic;
				DEVELOPMENT_TEAM = 76T7L4244D;
				INFOPLIST_FILE = KataLoginLogut/Info.plist;
				LD_RUNPATH_SEARCH_PATHS = (
					"$(inherited)",
					"@executable_path/Frameworks",
				);
				PRODUCT_BUNDLE_IDENTIFIER = com.jml.KataLoginLogut;
				PRODUCT_NAME = "$(TARGET_NAME)";
				SWIFT_VERSION = 4.0;
				TARGETED_DEVICE_FAMILY = "1,2";
			};
			name = Release;
		};
		70E5C6C52153D7EC00FF82F2 /* Debug */ = {
			isa = XCBuildConfiguration;
			buildSettings = {
				ALWAYS_EMBED_SWIFT_STANDARD_LIBRARIES = YES;
				BUNDLE_LOADER = "$(TEST_HOST)";
				CODE_SIGN_STYLE = Automatic;
				DEVELOPMENT_TEAM = 76T7L4244D;
				INFOPLIST_FILE = KataLoginLogutTests/Info.plist;
				LD_RUNPATH_SEARCH_PATHS = (
					"$(inherited)",
					"@executable_path/Frameworks",
					"@loader_path/Frameworks",
				);
				PRODUCT_BUNDLE_IDENTIFIER = com.jml.KataLoginLogutTests;
				PRODUCT_NAME = "$(TARGET_NAME)";
				SWIFT_VERSION = 4.0;
				TARGETED_DEVICE_FAMILY = "1,2";
				TEST_HOST = "$(BUILT_PRODUCTS_DIR)/KataLoginLogut.app/KataLoginLogut";
			};
			name = Debug;
		};
		70E5C6C62153D7EC00FF82F2 /* Release */ = {
			isa = XCBuildConfiguration;
			buildSettings = {
				ALWAYS_EMBED_SWIFT_STANDARD_LIBRARIES = YES;
				BUNDLE_LOADER = "$(TEST_HOST)";
				CODE_SIGN_STYLE = Automatic;
				DEVELOPMENT_TEAM = 76T7L4244D;
				INFOPLIST_FILE = KataLoginLogutTests/Info.plist;
				LD_RUNPATH_SEARCH_PATHS = (
					"$(inherited)",
					"@executable_path/Frameworks",
					"@loader_path/Frameworks",
				);
				PRODUCT_BUNDLE_IDENTIFIER = com.jml.KataLoginLogutTests;
				PRODUCT_NAME = "$(TARGET_NAME)";
				SWIFT_VERSION = 4.0;
				TARGETED_DEVICE_FAMILY = "1,2";
				TEST_HOST = "$(BUILT_PRODUCTS_DIR)/KataLoginLogut.app/KataLoginLogut";
			};
			name = Release;
		};
/* End XCBuildConfiguration section */

/* Begin XCConfigurationList section */
		70E5C69F2153D7EB00FF82F2 /* Build configuration list for PBXProject "KataLoginLogut" */ = {
			isa = XCConfigurationList;
			buildConfigurations = (
				70E5C6BF2153D7EC00FF82F2 /* Debug */,
				70E5C6C02153D7EC00FF82F2 /* Release */,
			);
			defaultConfigurationIsVisible = 0;
			defaultConfigurationName = Release;
		};
		70E5C6C12153D7EC00FF82F2 /* Build configuration list for PBXNativeTarget "KataLoginLogut" */ = {
			isa = XCConfigurationList;
			buildConfigurations = (
				70E5C6C22153D7EC00FF82F2 /* Debug */,
				70E5C6C32153D7EC00FF82F2 /* Release */,
			);
			defaultConfigurationIsVisible = 0;
			defaultConfigurationName = Release;
		};
		70E5C6C42153D7EC00FF82F2 /* Build configuration list for PBXNativeTarget "KataLoginLogutTests" */ = {
			isa = XCConfigurationList;
			buildConfigurations = (
				70E5C6C52153D7EC00FF82F2 /* Debug */,
				70E5C6C62153D7EC00FF82F2 /* Release */,
			);
			defaultConfigurationIsVisible = 0;
			defaultConfigurationName = Release;
		};
/* End XCConfigurationList section */
	};
	rootObject = 70E5C69C2153D7EB00FF82F2 /* Project object */;
}
